
Microsoft Visual Studio Solution File, Format Version 12.00
# Visual Studio Version 17
VisualStudioVersion = 17.2.32616.157
MinimumVisualStudioVersion = 10.0.40219.1
Project("{2150E333-8FDC-42A3-9474-1A3956D46DE8}") = "Creational patterns", "Creational patterns", "{7A383F92-0559-4A79-B2CE-435C0C8F3E42}"
EndProject
Project("{2150E333-8FDC-42A3-9474-1A3956D46DE8}") = "Behavioral Design Patterns", "Behavioral Design Patterns", "{09306C49-06BE-4B19-9E9D-F1EDA83EF40D}"
EndProject
Project("{9A19103F-16F7-4668-BE54-9A1E7A4F7556}") = "VisitorPattern", "..\..\visitor-pattern\VisitorPattern\VisitorPatter\VisitorPattern.csproj", "{56EE13A3-6BDB-4AA0-920C-6CDCA8937D02}"
EndProject
Project("{FAE04EC0-301F-11D3-BF4B-00C04F79EFBC}") = "Strategy", "Strategy\Strategy.csproj", "{50B76F6A-6093-466B-82A3-A21D96665C85}"
EndProject
Project("{FAE04EC0-301F-11D3-BF4B-00C04F79EFBC}") = "Mediator", "Mediator\Mediator.csproj", "{8A16316B-4BCD-42A3-A846-CF78965FD9A4}"
EndProject
Project("{FAE04EC0-301F-11D3-BF4B-00C04F79EFBC}") = "Observer", "Observer\Observer.csproj", "{F146AA0E-78B7-47B8-89E0-1BB50CBD2856}"
EndProject
Project("{FAE04EC0-301F-11D3-BF4B-00C04F79EFBC}") = "TemplateMethod", "TemplateMethod\TemplateMethod.csproj", "{BAA40706-6FB5-4C3C-AB35-0C00BE4B9986}"
EndProject
Project("{FAE04EC0-301F-11D3-BF4B-00C04F79EFBC}") = "State", "State\State.csproj", "{40549430-388F-4F18-9B63-6D6F7F42D403}"
EndProject
Project("{FAE04EC0-301F-11D3-BF4B-00C04F79EFBC}") = "Command", "Command\Command.csproj", "{093E9FAB-EF83-47ED-B7A5-E3C7B57D58C6}"
EndProject
Project("{FAE04EC0-301F-11D3-BF4B-00C04F79EFBC}") = "Memento", "Memento\Memento.csproj", "{A8055351-5BF8-4104-A0E8-3D6F5AF233F1}"
EndProject
Project("{FAE04EC0-301F-11D3-BF4B-00C04F79EFBC}") = "ChainOfResponsibility", "ChainOfResponsibility\ChainOfResponsibility.csproj", "{E90CAFCD-7D02-470A-99B4-9B32AE6D517F}"
EndProject
Project("{FAE04EC0-301F-11D3-BF4B-00C04F79EFBC}") = "Iterator", "Iterator\Iterator.csproj", "{1A2E2045-072B-4CC8-A11A-9F5804A687E9}"
EndProject
Project("{2150E333-8FDC-42A3-9474-1A3956D46DE8}") = "Gof Design patterns", "Gof Design patterns", "{6C81E1E3-C7DE-4F63-B5D9-72EA2FABF7DA}"
EndProject
Project("{FAE04EC0-301F-11D3-BF4B-00C04F79EFBC}") = "AbstractFactory", "AbstractFactory\AbstractFactory.csproj", "{6F8A8D90-3885-40A6-B676-77C1ACE3BF0A}"
EndProject
Project("{FAE04EC0-301F-11D3-BF4B-00C04F79EFBC}") = "FactoryMethod", "FactoryMethod\FactoryMethod.csproj", "{9693CE27-7058-408F-9294-000316D3C176}"
EndProject
Project("{FAE04EC0-301F-11D3-BF4B-00C04F79EFBC}") = "Builder", "Builder\Builder.csproj", "{8DCB2F3A-DA63-4B97-9651-B0F2A51121B0}"
EndProject
Project("{FAE04EC0-301F-11D3-BF4B-00C04F79EFBC}") = "Prototype", "Prototype\Prototype.csproj", "{8D87F2D2-6363-479A-A86F-8AE493934FA8}"
EndProject
Project("{FAE04EC0-301F-11D3-BF4B-00C04F79EFBC}") = "Singleton", "Singleton\Singleton.csproj", "{127C6517-6FC6-467B-9FCD-7D1E5B95280E}"
EndProject
Project("{2150E333-8FDC-42A3-9474-1A3956D46DE8}") = "Csharp", "Csharp", "{1A0D2C66-7F63-423E-8380-453B2E2F1AB4}"
EndProject
Project("{FAE04EC0-301F-11D3-BF4B-00C04F79EFBC}") = "IQueryable", "IQueryable\IQueryable.csproj", "{0B98DF62-4F09-40CD-ACAE-ADF056E233E7}"
EndProject
Project("{2150E333-8FDC-42A3-9474-1A3956D46DE8}") = "Structural", "Structural", "{8CFC6552-1174-41A0-943F-843791B3B4E1}"
EndProject
Project("{FAE04EC0-301F-11D3-BF4B-00C04F79EFBC}") = "Adapter", "Adapter\Adapter.csproj", "{031470A4-3090-45D5-8882-32E28C5AF594}"
EndProject
Project("{FAE04EC0-301F-11D3-BF4B-00C04F79EFBC}") = "Decorator", "Decorator\Decorator.csproj", "{94F63955-9AA8-4750-82FE-6AE5F9F6C414}"
EndProject
Project("{FAE04EC0-301F-11D3-BF4B-00C04F79EFBC}") = "Bridge", "Bridge\Bridge.csproj", "{9408D915-45AB-4ADB-8ECF-DD98FF8D9EA4}"
EndProject
Project("{FAE04EC0-301F-11D3-BF4B-00C04F79EFBC}") = "Facade", "Facade\Facade.csproj", "{93B4B3EC-BC48-4C75-865B-DB6B1060AC0D}"
EndProject
Project("{2150E333-8FDC-42A3-9474-1A3956D46DE8}") = "SQL", "SQL", "{6E201888-6ACB-40F6-A8FC-74995A6FA27F}"
	ProjectSection(SolutionItems) = preProject
		---Hints.sql = ---Hints.sql
		--Normalization.txt = --Normalization.txt
		ACID.txt = ACID.txt
		Constraints.sql = Constraints.sql
		Cross Apply.sql = Cross Apply.sql
		Full-Text Search.txt = Full-Text Search.txt
		Functions.sql = Functions.sql
		GroupBy (having,aggregate functions).sql = GroupBy (having,aggregate functions).sql
		Indexes.sql = Indexes.sql
		Joins.sql = Joins.sql
		Ranking Window Functions.sql = Ranking Window Functions.sql
		SQL CTE WITH.sql = SQL CTE WITH.sql
		Temproray Tables ,Table variables.sql = Temproray Tables ,Table variables.sql
		Transactions isolation Levels.sql = Transactions isolation Levels.sql
		Transactions.sql = Transactions.sql
		Union.sql = Union.sql
		Views.sql = Views.sql
	EndProjectSection
EndProject
Project("{FAE04EC0-301F-11D3-BF4B-00C04F79EFBC}") = "Flyweight", "Flyweight\Flyweight.csproj", "{9B2AC9B5-4ADC-4AF7-937C-514308459E0A}"
EndProject
Project("{FAE04EC0-301F-11D3-BF4B-00C04F79EFBC}") = "Proxy", "Proxy\Proxy.csproj", "{75618355-FCF7-4D9A-BB3C-F3BDAEA5E375}"
EndProject
Project("{FAE04EC0-301F-11D3-BF4B-00C04F79EFBC}") = "Composite", "Composite\Composite.csproj", "{D39DE73E-9ED3-4A56-9821-237BAE7EFF40}"
EndProject
Project("{2150E333-8FDC-42A3-9474-1A3956D46DE8}") = "OOP", "OOP", "{8A1C04AC-3C25-4C5B-8F59-0A294DFDCBB0}"
	ProjectSection(SolutionItems) = preProject
		KISS.txt = KISS.txt
		SOLID.txt = SOLID.txt
		YAGNI.txt = YAGNI.txt
	EndProjectSection
EndProject
Project("{2150E333-8FDC-42A3-9474-1A3956D46DE8}") = "Algoritms and structures", "Algoritms and structures", "{9CDB40DC-866C-49A5-9CC9-06709763696C}"
EndProject
Project("{FAE04EC0-301F-11D3-BF4B-00C04F79EFBC}") = "Btree", "Btree\Btree.csproj", "{0258A204-1AAC-4797-B14A-6B7838A8D779}"
EndProject
Project("{2150E333-8FDC-42A3-9474-1A3956D46DE8}") = ".Net", ".Net", "{BF915D8E-4C77-4067-938C-D0A206D3007B}"
	ProjectSection(SolutionItems) = preProject
		Boxing_unboxing.txt = Boxing_unboxing.txt
		Garbage Collector.txt = Garbage Collector.txt
		Managed_Unmanaged Resources.txt = Managed_Unmanaged Resources.txt
		Stack_vs_heap.txt = Stack_vs_heap.txt
	EndProjectSection
EndProject
Project("{FAE04EC0-301F-11D3-BF4B-00C04F79EFBC}") = "Threading", "Threading\Threading.csproj", "{17C4804D-D125-4B5E-AC55-1243E8C5660F}"
EndProject
Project("{2150E333-8FDC-42A3-9474-1A3956D46DE8}") = "Programming", "Programming", "{7239ACDB-CB64-4B99-A3A1-87EB19374198}"
	ProjectSection(SolutionItems) = preProject
		--DDD.txt = --DDD.txt
		--Microservice.txt = --Microservice.txt
		CAP.txt = CAP.txt
		CQRS.txt = CQRS.txt
		EventSourcing.txt = EventSourcing.txt
	EndProjectSection
EndProject
Project("{2150E333-8FDC-42A3-9474-1A3956D46DE8}") = "What is new in versions", "What is new in versions", "{CB2B1316-194C-4633-96D8-9A499016A584}"
EndProject
Project("{FAE04EC0-301F-11D3-BF4B-00C04F79EFBC}") = "Version6", "Version6\Version6.csproj", "{C3A68029-2551-4ECC-8E49-D67C09B2EADF}"
EndProject
Project("{FAE04EC0-301F-11D3-BF4B-00C04F79EFBC}") = "ExceptionHandling", "ExceptionHandling\ExceptionHandling.csproj", "{A444A3EB-32D8-4305-BA8A-55B81E987E7B}"
EndProject
Project("{9A19103F-16F7-4668-BE54-9A1E7A4F7556}") = "Version7", "---Version7\Version7.csproj", "{8EFED4F7-4CA0-47BC-B86B-52BD5B502B39}"
EndProject
Project("{9A19103F-16F7-4668-BE54-9A1E7A4F7556}") = "BitOperation", "BitOperation\BitOperation.csproj", "{3B33DD21-8112-4AE1-ACD4-ADCBB5B0D6A5}"
EndProject
Project("{9A19103F-16F7-4668-BE54-9A1E7A4F7556}") = "SortingAlgorithms", "SortingAlgoritms\SortingAlgorithms.csproj", "{B9E6F120-DDA0-46F1-B8BF-984F3D77CBE3}"
EndProject
Project("{9A19103F-16F7-4668-BE54-9A1E7A4F7556}") = "Version8", "Version8\Version8.csproj", "{18A65675-AEB7-43EC-B0E9-3642C7BA30D0}"
EndProject
Project("{2150E333-8FDC-42A3-9474-1A3956D46DE8}") = "Other", "Other", "{242C7A2A-B986-4D37-969B-A02C40B58A00}"
EndProject
Project("{9A19103F-16F7-4668-BE54-9A1E7A4F7556}") = "Equals", "Equals\Equals.csproj", "{1B8B2531-8598-4E17-97DF-3A4D7B9F4C75}"
EndProject
Project("{9A19103F-16F7-4668-BE54-9A1E7A4F7556}") = "Collections", "Collections\Collections.csproj", "{C06714E3-F913-4C85-9036-F9EB33BBF0C0}"
EndProject
Project("{9A19103F-16F7-4668-BE54-9A1E7A4F7556}") = "Version9", "Version9\Version9.csproj", "{43501A7F-9D6B-48A2-A90B-FD5B49B725F3}"
EndProject
Project("{2150E333-8FDC-42A3-9474-1A3956D46DE8}") = "SolutionArchitecture", "SolutionArchitecture", "{166509D9-A5C1-46EE-AD15-E0D5DDEB4817}"
	ProjectSection(SolutionItems) = preProject
		--Microservices.txt = --Microservices.txt
		--MVVM.txt = --MVVM.txt
		MVC.txt = MVC.txt
	EndProjectSection
EndProject
Project("{2150E333-8FDC-42A3-9474-1A3956D46DE8}") = "SOA", "SOA", "{FE3DEEC8-272F-4B8C-8242-47BA2427F168}"
	ProjectSection(SolutionItems) = preProject
		SOA.png = SOA.png
		SOA.txt = SOA.txt
	EndProjectSection
EndProject
Project("{2150E333-8FDC-42A3-9474-1A3956D46DE8}") = "--Microservices", "--Microservices", "{8934C3D7-97DD-4424-99F4-95B2A09428A8}"
	ProjectSection(SolutionItems) = preProject
		--Microservices.txt = --Microservices.txt
		..\..\..\Desktop\Microservices.png = ..\..\..\Desktop\Microservices.png
	EndProjectSection
EndProject
Project("{2150E333-8FDC-42A3-9474-1A3956D46DE8}") = "Docker", "Docker", "{666E04A0-6658-4942-8E18-4CD80A67A3E3}"
	ProjectSection(SolutionItems) = preProject
		General.txt = General.txt
	EndProjectSection
EndProject
Project("{2150E333-8FDC-42A3-9474-1A3956D46DE8}") = "Patterns", "Patterns", "{F6C593EE-6BA2-455B-B490-AE4A991B1EAD}"
	ProjectSection(SolutionItems) = preProject
		Saga.txt = Saga.txt
	EndProjectSection
EndProject
Project("{2150E333-8FDC-42A3-9474-1A3956D46DE8}") = "Saga", "Saga", "{DD3698BB-A3B6-4000-B052-A8C731B60C13}"
	ProjectSection(SolutionItems) = preProject
		Saga.png = Saga.png
		Saga.txt = Saga.txt
	EndProjectSection
EndProject
Project("{2150E333-8FDC-42A3-9474-1A3956D46DE8}") = "Isolation Levels", "Isolation Levels", "{A97D5F90-FFE4-437C-8398-79D400E460B7}"
	ProjectSection(SolutionItems) = preProject
		..\..\..\Desktop\Concurency problems.png = ..\..\..\Desktop\Concurency problems.png
		Concurrency problems.txt = Concurrency problems.txt
		..\..\..\Desktop\Non-repeatable read.png = ..\..\..\Desktop\Non-repeatable read.png
		Optimistic locking vs Pesimistic.txt = Optimistic locking vs Pesimistic.txt
		..\..\..\Desktop\PhantomRead.png = ..\..\..\Desktop\PhantomRead.png
		Transactions isolation Levels.sql = Transactions isolation Levels.sql
	EndProjectSection
EndProject
Project("{2150E333-8FDC-42A3-9474-1A3956D46DE8}") = "Patterns", "Patterns", "{F22E4E52-897C-4943-8706-899ED323550F}"
	ProjectSection(SolutionItems) = preProject
		--Sharding.txt = --Sharding.txt
	EndProjectSection
EndProject
Project("{2150E333-8FDC-42A3-9474-1A3956D46DE8}") = "Asp.Net Core", "Asp.Net Core", "{36110DAE-CB50-4D3D-82A3-E7C26F038197}"
EndProject
Project("{2150E333-8FDC-42A3-9474-1A3956D46DE8}") = "Concepts", "Concepts", "{7035CDB1-D238-4A75-B9BC-EC59D48E519C}"
	ProjectSection(SolutionItems) = preProject
		Configuration.txt = Configuration.txt
		middlewares.txt = middlewares.txt
	EndProjectSection
EndProject
Project("{FAE04EC0-301F-11D3-BF4B-00C04F79EFBC}") = "Configuration", "Configuration\Configuration.csproj", "{40EDC557-28AD-4AC3-8BB1-DF483893012C}"
EndProject
Global
	GlobalSection(SolutionConfigurationPlatforms) = preSolution
		Debug|Any CPU = Debug|Any CPU
		Release|Any CPU = Release|Any CPU
	EndGlobalSection
	GlobalSection(ProjectConfigurationPlatforms) = postSolution
		{56EE13A3-6BDB-4AA0-920C-6CDCA8937D02}.Debug|Any CPU.ActiveCfg = Debug|Any CPU
		{56EE13A3-6BDB-4AA0-920C-6CDCA8937D02}.Debug|Any CPU.Build.0 = Debug|Any CPU
		{56EE13A3-6BDB-4AA0-920C-6CDCA8937D02}.Release|Any CPU.ActiveCfg = Release|Any CPU
		{56EE13A3-6BDB-4AA0-920C-6CDCA8937D02}.Release|Any CPU.Build.0 = Release|Any CPU
		{50B76F6A-6093-466B-82A3-A21D96665C85}.Debug|Any CPU.ActiveCfg = Debug|Any CPU
		{50B76F6A-6093-466B-82A3-A21D96665C85}.Debug|Any CPU.Build.0 = Debug|Any CPU
		{50B76F6A-6093-466B-82A3-A21D96665C85}.Release|Any CPU.ActiveCfg = Release|Any CPU
		{50B76F6A-6093-466B-82A3-A21D96665C85}.Release|Any CPU.Build.0 = Release|Any CPU
		{8A16316B-4BCD-42A3-A846-CF78965FD9A4}.Debug|Any CPU.ActiveCfg = Debug|Any CPU
		{8A16316B-4BCD-42A3-A846-CF78965FD9A4}.Debug|Any CPU.Build.0 = Debug|Any CPU
		{8A16316B-4BCD-42A3-A846-CF78965FD9A4}.Release|Any CPU.ActiveCfg = Release|Any CPU
		{8A16316B-4BCD-42A3-A846-CF78965FD9A4}.Release|Any CPU.Build.0 = Release|Any CPU
		{F146AA0E-78B7-47B8-89E0-1BB50CBD2856}.Debug|Any CPU.ActiveCfg = Debug|Any CPU
		{F146AA0E-78B7-47B8-89E0-1BB50CBD2856}.Debug|Any CPU.Build.0 = Debug|Any CPU
		{F146AA0E-78B7-47B8-89E0-1BB50CBD2856}.Release|Any CPU.ActiveCfg = Release|Any CPU
		{F146AA0E-78B7-47B8-89E0-1BB50CBD2856}.Release|Any CPU.Build.0 = Release|Any CPU
		{BAA40706-6FB5-4C3C-AB35-0C00BE4B9986}.Debug|Any CPU.ActiveCfg = Debug|Any CPU
		{BAA40706-6FB5-4C3C-AB35-0C00BE4B9986}.Debug|Any CPU.Build.0 = Debug|Any CPU
		{BAA40706-6FB5-4C3C-AB35-0C00BE4B9986}.Release|Any CPU.ActiveCfg = Release|Any CPU
		{BAA40706-6FB5-4C3C-AB35-0C00BE4B9986}.Release|Any CPU.Build.0 = Release|Any CPU
		{40549430-388F-4F18-9B63-6D6F7F42D403}.Debug|Any CPU.ActiveCfg = Debug|Any CPU
		{40549430-388F-4F18-9B63-6D6F7F42D403}.Debug|Any CPU.Build.0 = Debug|Any CPU
		{40549430-388F-4F18-9B63-6D6F7F42D403}.Release|Any CPU.ActiveCfg = Release|Any CPU
		{40549430-388F-4F18-9B63-6D6F7F42D403}.Release|Any CPU.Build.0 = Release|Any CPU
		{093E9FAB-EF83-47ED-B7A5-E3C7B57D58C6}.Debug|Any CPU.ActiveCfg = Debug|Any CPU
		{093E9FAB-EF83-47ED-B7A5-E3C7B57D58C6}.Debug|Any CPU.Build.0 = Debug|Any CPU
		{093E9FAB-EF83-47ED-B7A5-E3C7B57D58C6}.Release|Any CPU.ActiveCfg = Release|Any CPU
		{093E9FAB-EF83-47ED-B7A5-E3C7B57D58C6}.Release|Any CPU.Build.0 = Release|Any CPU
		{A8055351-5BF8-4104-A0E8-3D6F5AF233F1}.Debug|Any CPU.ActiveCfg = Debug|Any CPU
		{A8055351-5BF8-4104-A0E8-3D6F5AF233F1}.Debug|Any CPU.Build.0 = Debug|Any CPU
		{A8055351-5BF8-4104-A0E8-3D6F5AF233F1}.Release|Any CPU.ActiveCfg = Release|Any CPU
		{A8055351-5BF8-4104-A0E8-3D6F5AF233F1}.Release|Any CPU.Build.0 = Release|Any CPU
		{E90CAFCD-7D02-470A-99B4-9B32AE6D517F}.Debug|Any CPU.ActiveCfg = Debug|Any CPU
		{E90CAFCD-7D02-470A-99B4-9B32AE6D517F}.Debug|Any CPU.Build.0 = Debug|Any CPU
		{E90CAFCD-7D02-470A-99B4-9B32AE6D517F}.Release|Any CPU.ActiveCfg = Release|Any CPU
		{E90CAFCD-7D02-470A-99B4-9B32AE6D517F}.Release|Any CPU.Build.0 = Release|Any CPU
		{1A2E2045-072B-4CC8-A11A-9F5804A687E9}.Debug|Any CPU.ActiveCfg = Debug|Any CPU
		{1A2E2045-072B-4CC8-A11A-9F5804A687E9}.Debug|Any CPU.Build.0 = Debug|Any CPU
		{1A2E2045-072B-4CC8-A11A-9F5804A687E9}.Release|Any CPU.ActiveCfg = Release|Any CPU
		{1A2E2045-072B-4CC8-A11A-9F5804A687E9}.Release|Any CPU.Build.0 = Release|Any CPU
		{6F8A8D90-3885-40A6-B676-77C1ACE3BF0A}.Debug|Any CPU.ActiveCfg = Debug|Any CPU
		{6F8A8D90-3885-40A6-B676-77C1ACE3BF0A}.Debug|Any CPU.Build.0 = Debug|Any CPU
		{6F8A8D90-3885-40A6-B676-77C1ACE3BF0A}.Release|Any CPU.ActiveCfg = Release|Any CPU
		{6F8A8D90-3885-40A6-B676-77C1ACE3BF0A}.Release|Any CPU.Build.0 = Release|Any CPU
		{9693CE27-7058-408F-9294-000316D3C176}.Debug|Any CPU.ActiveCfg = Debug|Any CPU
		{9693CE27-7058-408F-9294-000316D3C176}.Debug|Any CPU.Build.0 = Debug|Any CPU
		{9693CE27-7058-408F-9294-000316D3C176}.Release|Any CPU.ActiveCfg = Release|Any CPU
		{9693CE27-7058-408F-9294-000316D3C176}.Release|Any CPU.Build.0 = Release|Any CPU
		{8DCB2F3A-DA63-4B97-9651-B0F2A51121B0}.Debug|Any CPU.ActiveCfg = Debug|Any CPU
		{8DCB2F3A-DA63-4B97-9651-B0F2A51121B0}.Debug|Any CPU.Build.0 = Debug|Any CPU
		{8DCB2F3A-DA63-4B97-9651-B0F2A51121B0}.Release|Any CPU.ActiveCfg = Release|Any CPU
		{8DCB2F3A-DA63-4B97-9651-B0F2A51121B0}.Release|Any CPU.Build.0 = Release|Any CPU
		{8D87F2D2-6363-479A-A86F-8AE493934FA8}.Debug|Any CPU.ActiveCfg = Debug|Any CPU
		{8D87F2D2-6363-479A-A86F-8AE493934FA8}.Debug|Any CPU.Build.0 = Debug|Any CPU
		{8D87F2D2-6363-479A-A86F-8AE493934FA8}.Release|Any CPU.ActiveCfg = Release|Any CPU
		{8D87F2D2-6363-479A-A86F-8AE493934FA8}.Release|Any CPU.Build.0 = Release|Any CPU
		{127C6517-6FC6-467B-9FCD-7D1E5B95280E}.Debug|Any CPU.ActiveCfg = Debug|Any CPU
		{127C6517-6FC6-467B-9FCD-7D1E5B95280E}.Debug|Any CPU.Build.0 = Debug|Any CPU
		{127C6517-6FC6-467B-9FCD-7D1E5B95280E}.Release|Any CPU.ActiveCfg = Release|Any CPU
		{127C6517-6FC6-467B-9FCD-7D1E5B95280E}.Release|Any CPU.Build.0 = Release|Any CPU
		{0B98DF62-4F09-40CD-ACAE-ADF056E233E7}.Debug|Any CPU.ActiveCfg = Debug|Any CPU
		{0B98DF62-4F09-40CD-ACAE-ADF056E233E7}.Debug|Any CPU.Build.0 = Debug|Any CPU
		{0B98DF62-4F09-40CD-ACAE-ADF056E233E7}.Release|Any CPU.ActiveCfg = Release|Any CPU
		{0B98DF62-4F09-40CD-ACAE-ADF056E233E7}.Release|Any CPU.Build.0 = Release|Any CPU
		{031470A4-3090-45D5-8882-32E28C5AF594}.Debug|Any CPU.ActiveCfg = Debug|Any CPU
		{031470A4-3090-45D5-8882-32E28C5AF594}.Debug|Any CPU.Build.0 = Debug|Any CPU
		{031470A4-3090-45D5-8882-32E28C5AF594}.Release|Any CPU.ActiveCfg = Release|Any CPU
		{031470A4-3090-45D5-8882-32E28C5AF594}.Release|Any CPU.Build.0 = Release|Any CPU
		{94F63955-9AA8-4750-82FE-6AE5F9F6C414}.Debug|Any CPU.ActiveCfg = Debug|Any CPU
		{94F63955-9AA8-4750-82FE-6AE5F9F6C414}.Debug|Any CPU.Build.0 = Debug|Any CPU
		{94F63955-9AA8-4750-82FE-6AE5F9F6C414}.Release|Any CPU.ActiveCfg = Release|Any CPU
		{94F63955-9AA8-4750-82FE-6AE5F9F6C414}.Release|Any CPU.Build.0 = Release|Any CPU
		{9408D915-45AB-4ADB-8ECF-DD98FF8D9EA4}.Debug|Any CPU.ActiveCfg = Debug|Any CPU
		{9408D915-45AB-4ADB-8ECF-DD98FF8D9EA4}.Debug|Any CPU.Build.0 = Debug|Any CPU
		{9408D915-45AB-4ADB-8ECF-DD98FF8D9EA4}.Release|Any CPU.ActiveCfg = Release|Any CPU
		{9408D915-45AB-4ADB-8ECF-DD98FF8D9EA4}.Release|Any CPU.Build.0 = Release|Any CPU
		{93B4B3EC-BC48-4C75-865B-DB6B1060AC0D}.Debug|Any CPU.ActiveCfg = Debug|Any CPU
		{93B4B3EC-BC48-4C75-865B-DB6B1060AC0D}.Debug|Any CPU.Build.0 = Debug|Any CPU
		{93B4B3EC-BC48-4C75-865B-DB6B1060AC0D}.Release|Any CPU.ActiveCfg = Release|Any CPU
		{93B4B3EC-BC48-4C75-865B-DB6B1060AC0D}.Release|Any CPU.Build.0 = Release|Any CPU
		{9B2AC9B5-4ADC-4AF7-937C-514308459E0A}.Debug|Any CPU.ActiveCfg = Debug|Any CPU
		{9B2AC9B5-4ADC-4AF7-937C-514308459E0A}.Debug|Any CPU.Build.0 = Debug|Any CPU
		{9B2AC9B5-4ADC-4AF7-937C-514308459E0A}.Release|Any CPU.ActiveCfg = Release|Any CPU
		{9B2AC9B5-4ADC-4AF7-937C-514308459E0A}.Release|Any CPU.Build.0 = Release|Any CPU
		{75618355-FCF7-4D9A-BB3C-F3BDAEA5E375}.Debug|Any CPU.ActiveCfg = Debug|Any CPU
		{75618355-FCF7-4D9A-BB3C-F3BDAEA5E375}.Debug|Any CPU.Build.0 = Debug|Any CPU
		{75618355-FCF7-4D9A-BB3C-F3BDAEA5E375}.Release|Any CPU.ActiveCfg = Release|Any CPU
		{75618355-FCF7-4D9A-BB3C-F3BDAEA5E375}.Release|Any CPU.Build.0 = Release|Any CPU
		{D39DE73E-9ED3-4A56-9821-237BAE7EFF40}.Debug|Any CPU.ActiveCfg = Debug|Any CPU
		{D39DE73E-9ED3-4A56-9821-237BAE7EFF40}.Debug|Any CPU.Build.0 = Debug|Any CPU
		{D39DE73E-9ED3-4A56-9821-237BAE7EFF40}.Release|Any CPU.ActiveCfg = Release|Any CPU
		{D39DE73E-9ED3-4A56-9821-237BAE7EFF40}.Release|Any CPU.Build.0 = Release|Any CPU
		{0258A204-1AAC-4797-B14A-6B7838A8D779}.Debug|Any CPU.ActiveCfg = Debug|Any CPU
		{0258A204-1AAC-4797-B14A-6B7838A8D779}.Debug|Any CPU.Build.0 = Debug|Any CPU
		{0258A204-1AAC-4797-B14A-6B7838A8D779}.Release|Any CPU.ActiveCfg = Release|Any CPU
		{0258A204-1AAC-4797-B14A-6B7838A8D779}.Release|Any CPU.Build.0 = Release|Any CPU
		{17C4804D-D125-4B5E-AC55-1243E8C5660F}.Debug|Any CPU.ActiveCfg = Debug|Any CPU
		{17C4804D-D125-4B5E-AC55-1243E8C5660F}.Debug|Any CPU.Build.0 = Debug|Any CPU
		{17C4804D-D125-4B5E-AC55-1243E8C5660F}.Release|Any CPU.ActiveCfg = Release|Any CPU
		{17C4804D-D125-4B5E-AC55-1243E8C5660F}.Release|Any CPU.Build.0 = Release|Any CPU
		{C3A68029-2551-4ECC-8E49-D67C09B2EADF}.Debug|Any CPU.ActiveCfg = Debug|Any CPU
		{C3A68029-2551-4ECC-8E49-D67C09B2EADF}.Debug|Any CPU.Build.0 = Debug|Any CPU
		{C3A68029-2551-4ECC-8E49-D67C09B2EADF}.Release|Any CPU.ActiveCfg = Release|Any CPU
		{C3A68029-2551-4ECC-8E49-D67C09B2EADF}.Release|Any CPU.Build.0 = Release|Any CPU
		{A444A3EB-32D8-4305-BA8A-55B81E987E7B}.Debug|Any CPU.ActiveCfg = Debug|Any CPU
		{A444A3EB-32D8-4305-BA8A-55B81E987E7B}.Debug|Any CPU.Build.0 = Debug|Any CPU
		{A444A3EB-32D8-4305-BA8A-55B81E987E7B}.Release|Any CPU.ActiveCfg = Release|Any CPU
		{A444A3EB-32D8-4305-BA8A-55B81E987E7B}.Release|Any CPU.Build.0 = Release|Any CPU
		{8EFED4F7-4CA0-47BC-B86B-52BD5B502B39}.Debug|Any CPU.ActiveCfg = Debug|Any CPU
		{8EFED4F7-4CA0-47BC-B86B-52BD5B502B39}.Debug|Any CPU.Build.0 = Debug|Any CPU
		{8EFED4F7-4CA0-47BC-B86B-52BD5B502B39}.Release|Any CPU.ActiveCfg = Release|Any CPU
		{8EFED4F7-4CA0-47BC-B86B-52BD5B502B39}.Release|Any CPU.Build.0 = Release|Any CPU
		{3B33DD21-8112-4AE1-ACD4-ADCBB5B0D6A5}.Debug|Any CPU.ActiveCfg = Debug|Any CPU
		{3B33DD21-8112-4AE1-ACD4-ADCBB5B0D6A5}.Debug|Any CPU.Build.0 = Debug|Any CPU
		{3B33DD21-8112-4AE1-ACD4-ADCBB5B0D6A5}.Release|Any CPU.ActiveCfg = Release|Any CPU
		{3B33DD21-8112-4AE1-ACD4-ADCBB5B0D6A5}.Release|Any CPU.Build.0 = Release|Any CPU
		{B9E6F120-DDA0-46F1-B8BF-984F3D77CBE3}.Debug|Any CPU.ActiveCfg = Debug|Any CPU
		{B9E6F120-DDA0-46F1-B8BF-984F3D77CBE3}.Debug|Any CPU.Build.0 = Debug|Any CPU
		{B9E6F120-DDA0-46F1-B8BF-984F3D77CBE3}.Release|Any CPU.ActiveCfg = Release|Any CPU
		{B9E6F120-DDA0-46F1-B8BF-984F3D77CBE3}.Release|Any CPU.Build.0 = Release|Any CPU
		{18A65675-AEB7-43EC-B0E9-3642C7BA30D0}.Debug|Any CPU.ActiveCfg = Debug|Any CPU
		{18A65675-AEB7-43EC-B0E9-3642C7BA30D0}.Debug|Any CPU.Build.0 = Debug|Any CPU
		{18A65675-AEB7-43EC-B0E9-3642C7BA30D0}.Release|Any CPU.ActiveCfg = Release|Any CPU
		{18A65675-AEB7-43EC-B0E9-3642C7BA30D0}.Release|Any CPU.Build.0 = Release|Any CPU
		{1B8B2531-8598-4E17-97DF-3A4D7B9F4C75}.Debug|Any CPU.ActiveCfg = Debug|Any CPU
		{1B8B2531-8598-4E17-97DF-3A4D7B9F4C75}.Debug|Any CPU.Build.0 = Debug|Any CPU
		{1B8B2531-8598-4E17-97DF-3A4D7B9F4C75}.Release|Any CPU.ActiveCfg = Release|Any CPU
		{1B8B2531-8598-4E17-97DF-3A4D7B9F4C75}.Release|Any CPU.Build.0 = Release|Any CPU
		{C06714E3-F913-4C85-9036-F9EB33BBF0C0}.Debug|Any CPU.ActiveCfg = Debug|Any CPU
		{C06714E3-F913-4C85-9036-F9EB33BBF0C0}.Debug|Any CPU.Build.0 = Debug|Any CPU
		{C06714E3-F913-4C85-9036-F9EB33BBF0C0}.Release|Any CPU.ActiveCfg = Release|Any CPU
		{C06714E3-F913-4C85-9036-F9EB33BBF0C0}.Release|Any CPU.Build.0 = Release|Any CPU
		{43501A7F-9D6B-48A2-A90B-FD5B49B725F3}.Debug|Any CPU.ActiveCfg = Debug|Any CPU
		{43501A7F-9D6B-48A2-A90B-FD5B49B725F3}.Debug|Any CPU.Build.0 = Debug|Any CPU
		{43501A7F-9D6B-48A2-A90B-FD5B49B725F3}.Release|Any CPU.ActiveCfg = Release|Any CPU
		{43501A7F-9D6B-48A2-A90B-FD5B49B725F3}.Release|Any CPU.Build.0 = Release|Any CPU
		{40EDC557-28AD-4AC3-8BB1-DF483893012C}.Debug|Any CPU.ActiveCfg = Debug|Any CPU
		{40EDC557-28AD-4AC3-8BB1-DF483893012C}.Debug|Any CPU.Build.0 = Debug|Any CPU
		{40EDC557-28AD-4AC3-8BB1-DF483893012C}.Release|Any CPU.ActiveCfg = Release|Any CPU
		{40EDC557-28AD-4AC3-8BB1-DF483893012C}.Release|Any CPU.Build.0 = Release|Any CPU
	EndGlobalSection
	GlobalSection(SolutionProperties) = preSolution
		HideSolutionNode = FALSE
	EndGlobalSection
	GlobalSection(NestedProjects) = preSolution
		{7A383F92-0559-4A79-B2CE-435C0C8F3E42} = {6C81E1E3-C7DE-4F63-B5D9-72EA2FABF7DA}
		{09306C49-06BE-4B19-9E9D-F1EDA83EF40D} = {6C81E1E3-C7DE-4F63-B5D9-72EA2FABF7DA}
		{56EE13A3-6BDB-4AA0-920C-6CDCA8937D02} = {09306C49-06BE-4B19-9E9D-F1EDA83EF40D}
		{50B76F6A-6093-466B-82A3-A21D96665C85} = {09306C49-06BE-4B19-9E9D-F1EDA83EF40D}
		{8A16316B-4BCD-42A3-A846-CF78965FD9A4} = {09306C49-06BE-4B19-9E9D-F1EDA83EF40D}
		{F146AA0E-78B7-47B8-89E0-1BB50CBD2856} = {09306C49-06BE-4B19-9E9D-F1EDA83EF40D}
		{BAA40706-6FB5-4C3C-AB35-0C00BE4B9986} = {09306C49-06BE-4B19-9E9D-F1EDA83EF40D}
		{40549430-388F-4F18-9B63-6D6F7F42D403} = {09306C49-06BE-4B19-9E9D-F1EDA83EF40D}
		{093E9FAB-EF83-47ED-B7A5-E3C7B57D58C6} = {09306C49-06BE-4B19-9E9D-F1EDA83EF40D}
		{A8055351-5BF8-4104-A0E8-3D6F5AF233F1} = {09306C49-06BE-4B19-9E9D-F1EDA83EF40D}
		{E90CAFCD-7D02-470A-99B4-9B32AE6D517F} = {09306C49-06BE-4B19-9E9D-F1EDA83EF40D}
		{1A2E2045-072B-4CC8-A11A-9F5804A687E9} = {09306C49-06BE-4B19-9E9D-F1EDA83EF40D}
		{6C81E1E3-C7DE-4F63-B5D9-72EA2FABF7DA} = {8A1C04AC-3C25-4C5B-8F59-0A294DFDCBB0}
		{6F8A8D90-3885-40A6-B676-77C1ACE3BF0A} = {7A383F92-0559-4A79-B2CE-435C0C8F3E42}
		{9693CE27-7058-408F-9294-000316D3C176} = {7A383F92-0559-4A79-B2CE-435C0C8F3E42}
		{8DCB2F3A-DA63-4B97-9651-B0F2A51121B0} = {7A383F92-0559-4A79-B2CE-435C0C8F3E42}
		{8D87F2D2-6363-479A-A86F-8AE493934FA8} = {7A383F92-0559-4A79-B2CE-435C0C8F3E42}
		{127C6517-6FC6-467B-9FCD-7D1E5B95280E} = {7A383F92-0559-4A79-B2CE-435C0C8F3E42}
		{0B98DF62-4F09-40CD-ACAE-ADF056E233E7} = {1A0D2C66-7F63-423E-8380-453B2E2F1AB4}
		{8CFC6552-1174-41A0-943F-843791B3B4E1} = {6C81E1E3-C7DE-4F63-B5D9-72EA2FABF7DA}
		{031470A4-3090-45D5-8882-32E28C5AF594} = {8CFC6552-1174-41A0-943F-843791B3B4E1}
		{94F63955-9AA8-4750-82FE-6AE5F9F6C414} = {8CFC6552-1174-41A0-943F-843791B3B4E1}
		{9408D915-45AB-4ADB-8ECF-DD98FF8D9EA4} = {8CFC6552-1174-41A0-943F-843791B3B4E1}
		{93B4B3EC-BC48-4C75-865B-DB6B1060AC0D} = {8CFC6552-1174-41A0-943F-843791B3B4E1}
		{9B2AC9B5-4ADC-4AF7-937C-514308459E0A} = {8CFC6552-1174-41A0-943F-843791B3B4E1}
		{75618355-FCF7-4D9A-BB3C-F3BDAEA5E375} = {8CFC6552-1174-41A0-943F-843791B3B4E1}
		{D39DE73E-9ED3-4A56-9821-237BAE7EFF40} = {8CFC6552-1174-41A0-943F-843791B3B4E1}
		{0258A204-1AAC-4797-B14A-6B7838A8D779} = {9CDB40DC-866C-49A5-9CC9-06709763696C}
		{17C4804D-D125-4B5E-AC55-1243E8C5660F} = {BF915D8E-4C77-4067-938C-D0A206D3007B}
		{7239ACDB-CB64-4B99-A3A1-87EB19374198} = {6C81E1E3-C7DE-4F63-B5D9-72EA2FABF7DA}
		{CB2B1316-194C-4633-96D8-9A499016A584} = {1A0D2C66-7F63-423E-8380-453B2E2F1AB4}
		{C3A68029-2551-4ECC-8E49-D67C09B2EADF} = {CB2B1316-194C-4633-96D8-9A499016A584}
		{A444A3EB-32D8-4305-BA8A-55B81E987E7B} = {1A0D2C66-7F63-423E-8380-453B2E2F1AB4}
		{8EFED4F7-4CA0-47BC-B86B-52BD5B502B39} = {CB2B1316-194C-4633-96D8-9A499016A584}
		{3B33DD21-8112-4AE1-ACD4-ADCBB5B0D6A5} = {1A0D2C66-7F63-423E-8380-453B2E2F1AB4}
		{B9E6F120-DDA0-46F1-B8BF-984F3D77CBE3} = {9CDB40DC-866C-49A5-9CC9-06709763696C}
		{18A65675-AEB7-43EC-B0E9-3642C7BA30D0} = {CB2B1316-194C-4633-96D8-9A499016A584}
		{1B8B2531-8598-4E17-97DF-3A4D7B9F4C75} = {1A0D2C66-7F63-423E-8380-453B2E2F1AB4}
		{C06714E3-F913-4C85-9036-F9EB33BBF0C0} = {1A0D2C66-7F63-423E-8380-453B2E2F1AB4}
		{43501A7F-9D6B-48A2-A90B-FD5B49B725F3} = {CB2B1316-194C-4633-96D8-9A499016A584}
		{FE3DEEC8-272F-4B8C-8242-47BA2427F168} = {166509D9-A5C1-46EE-AD15-E0D5DDEB4817}
		{8934C3D7-97DD-4424-99F4-95B2A09428A8} = {166509D9-A5C1-46EE-AD15-E0D5DDEB4817}
		{666E04A0-6658-4942-8E18-4CD80A67A3E3} = {242C7A2A-B986-4D37-969B-A02C40B58A00}
		{F6C593EE-6BA2-455B-B490-AE4A991B1EAD} = {8934C3D7-97DD-4424-99F4-95B2A09428A8}
		{DD3698BB-A3B6-4000-B052-A8C731B60C13} = {F6C593EE-6BA2-455B-B490-AE4A991B1EAD}
		{A97D5F90-FFE4-437C-8398-79D400E460B7} = {6E201888-6ACB-40F6-A8FC-74995A6FA27F}
		{F22E4E52-897C-4943-8706-899ED323550F} = {6E201888-6ACB-40F6-A8FC-74995A6FA27F}
		{7035CDB1-D238-4A75-B9BC-EC59D48E519C} = {36110DAE-CB50-4D3D-82A3-E7C26F038197}
		{40EDC557-28AD-4AC3-8BB1-DF483893012C} = {36110DAE-CB50-4D3D-82A3-E7C26F038197}
	EndGlobalSection
	GlobalSection(ExtensibilityGlobals) = postSolution
		SolutionGuid = {8E0D6FFC-FDC2-41D8-902F-A030499DA3A8}
	EndGlobalSection
EndGlobal
