
Microsoft Visual Studio Solution File, Format Version 12.00
# Visual Studio Version 16
VisualStudioVersion = 16.0.31702.278
MinimumVisualStudioVersion = 10.0.40219.1
Project("{2150E333-8FDC-42A3-9474-1A3956D46DE8}") = "Creational patterns", "Creational patterns", "{7A383F92-0559-4A79-B2CE-435C0C8F3E42}"
EndProject
Project("{2150E333-8FDC-42A3-9474-1A3956D46DE8}") = "Behavioral Design Patterns", "Behavioral Design Patterns", "{09306C49-06BE-4B19-9E9D-F1EDA83EF40D}"
EndProject
Project("{9A19103F-16F7-4668-BE54-9A1E7A4F7556}") = "VisitorPattern", "..\..\visitor-pattern\VisitorPattern\VisitorPatter\VisitorPattern.csproj", "{56EE13A3-6BDB-4AA0-920C-6CDCA8937D02}"
EndProject
Global
	GlobalSection(SolutionConfigurationPlatforms) = preSolution
		Debug|Any CPU = Debug|Any CPU
		Release|Any CPU = Release|Any CPU
	EndGlobalSection
	GlobalSection(ProjectConfigurationPlatforms) = postSolution
		{56EE13A3-6BDB-4AA0-920C-6CDCA8937D02}.Debug|Any CPU.ActiveCfg = Debug|Any CPU
		{56EE13A3-6BDB-4AA0-920C-6CDCA8937D02}.Debug|Any CPU.Build.0 = Debug|Any CPU
		{56EE13A3-6BDB-4AA0-920C-6CDCA8937D02}.Release|Any CPU.ActiveCfg = Release|Any CPU
		{56EE13A3-6BDB-4AA0-920C-6CDCA8937D02}.Release|Any CPU.Build.0 = Release|Any CPU
	EndGlobalSection
	GlobalSection(SolutionProperties) = preSolution
		HideSolutionNode = FALSE
	EndGlobalSection
	GlobalSection(NestedProjects) = preSolution
		{56EE13A3-6BDB-4AA0-920C-6CDCA8937D02} = {09306C49-06BE-4B19-9E9D-F1EDA83EF40D}
	EndGlobalSection
	GlobalSection(ExtensibilityGlobals) = postSolution
		SolutionGuid = {8E0D6FFC-FDC2-41D8-902F-A030499DA3A8}
	EndGlobalSection
EndGlobal
